
Microsoft Visual Studio Solution File, Format Version 12.00
# Visual Studio Version 16
VisualStudioVersion = 16.0.29324.140
MinimumVisualStudioVersion = 10.0.40219.1
Project("{FAE04EC0-301F-11D3-BF4B-00C04F79EFBC}") = "ScratchBack", "ScratchBack\ScratchBack.csproj", "{BED5F8B0-6B2E-45AF-98A3-486DE3621AF0}"
EndProject
Project("{FAE04EC0-301F-11D3-BF4B-00C04F79EFBC}") = "Domain", "Domain\Domain.csproj", "{BFBE7D56-E393-4265-AE74-32B7693E6DB6}"
EndProject
Project("{FAE04EC0-301F-11D3-BF4B-00C04F79EFBC}") = "Models", "Models\Models.csproj", "{45836C40-5D14-4E1F-AFC6-A0E3A3610EB8}"
EndProject
Project("{FAE04EC0-301F-11D3-BF4B-00C04F79EFBC}") = "Service", "Service\Service.csproj", "{052463A8-CA1A-4142-897A-A99D4BA455F9}"
EndProject
Global
	GlobalSection(SolutionConfigurationPlatforms) = preSolution
		Debug|Any CPU = Debug|Any CPU
		Release|Any CPU = Release|Any CPU
	EndGlobalSection
	GlobalSection(ProjectConfigurationPlatforms) = postSolution
		{BED5F8B0-6B2E-45AF-98A3-486DE3621AF0}.Debug|Any CPU.ActiveCfg = Debug|Any CPU
		{BED5F8B0-6B2E-45AF-98A3-486DE3621AF0}.Debug|Any CPU.Build.0 = Debug|Any CPU
		{BED5F8B0-6B2E-45AF-98A3-486DE3621AF0}.Release|Any CPU.ActiveCfg = Release|Any CPU
		{BED5F8B0-6B2E-45AF-98A3-486DE3621AF0}.Release|Any CPU.Build.0 = Release|Any CPU
		{BFBE7D56-E393-4265-AE74-32B7693E6DB6}.Debug|Any CPU.ActiveCfg = Debug|Any CPU
		{BFBE7D56-E393-4265-AE74-32B7693E6DB6}.Debug|Any CPU.Build.0 = Debug|Any CPU
		{BFBE7D56-E393-4265-AE74-32B7693E6DB6}.Release|Any CPU.ActiveCfg = Release|Any CPU
		{BFBE7D56-E393-4265-AE74-32B7693E6DB6}.Release|Any CPU.Build.0 = Release|Any CPU
		{45836C40-5D14-4E1F-AFC6-A0E3A3610EB8}.Debug|Any CPU.ActiveCfg = Debug|Any CPU
		{45836C40-5D14-4E1F-AFC6-A0E3A3610EB8}.Debug|Any CPU.Build.0 = Debug|Any CPU
		{45836C40-5D14-4E1F-AFC6-A0E3A3610EB8}.Release|Any CPU.ActiveCfg = Release|Any CPU
		{45836C40-5D14-4E1F-AFC6-A0E3A3610EB8}.Release|Any CPU.Build.0 = Release|Any CPU
		{052463A8-CA1A-4142-897A-A99D4BA455F9}.Debug|Any CPU.ActiveCfg = Debug|Any CPU
		{052463A8-CA1A-4142-897A-A99D4BA455F9}.Debug|Any CPU.Build.0 = Debug|Any CPU
		{052463A8-CA1A-4142-897A-A99D4BA455F9}.Release|Any CPU.ActiveCfg = Release|Any CPU
		{052463A8-CA1A-4142-897A-A99D4BA455F9}.Release|Any CPU.Build.0 = Release|Any CPU
	EndGlobalSection
	GlobalSection(SolutionProperties) = preSolution
		HideSolutionNode = FALSE
	EndGlobalSection
	GlobalSection(ExtensibilityGlobals) = postSolution
		SolutionGuid = {DC30AF42-E9CC-4575-B4C6-6EC4AE5F086F}
	EndGlobalSection
EndGlobal
